<?xml version="1.0" encoding="utf-8"?>
<Project ToolsVersion="14.0" xmlns="http://schemas.microsoft.com/developer/msbuild/2003">
  <ItemGroup>
    <ClCompile Include="D:\Users\Mário Ricardo\Documents\LCC\2º Semestre\CompGráfica\Fichas\Ficha4\code(p04)\main.cpp">
      <Filter>Source Files</Filter>
    </ClCompile>
    <ClCompile Include="..\camera.c">
      <Filter>Source Files</Filter>
    </ClCompile>
    <ClCompile Include="..\events.cpp">
      <Filter>Source Files</Filter>
    </ClCompile>
    <ClCompile Include="..\fps.cpp">
      <Filter>Source Files</Filter>
    </ClCompile>
    <ClCompile Include="..\primitives.cpp">
      <Filter>Source Files</Filter>
    </ClCompile>
    <ClCompile Include="..\transformations.cpp">
      <Filter>Source Files</Filter>
    </ClCompile>
  </ItemGroup>
  <ItemGroup>
    <CustomBuild Include="D:\Users\Mário Ricardo\Documents\LCC\2º Semestre\CompGráfica\Fichas\Ficha4\code(p04)\CMakeLists.txt" />
  </ItemGroup>
  <ItemGroup>
    <Filter Include="Source Files">
      <UniqueIdentifier>{7C0E2157-E891-31CD-A4F0-9FB4C1D8A10D}</UniqueIdentifier>
    </Filter>
  </ItemGroup>
  <ItemGroup>
    <ClInclude Include="..\camera.h">
      <Filter>Source Files</Filter>
    </ClInclude>
    <ClInclude Include="..\events.h">
      <Filter>Source Files</Filter>
    </ClInclude>
    <ClInclude Include="..\fps.h">
      <Filter>Source Files</Filter>
    </ClInclude>
    <ClInclude Include="..\main.h">
      <Filter>Source Files</Filter>
    </ClInclude>
    <ClInclude Include="..\primitives.h">
      <Filter>Source Files</Filter>
    </ClInclude>
    <ClInclude Include="..\transformations.h">
      <Filter>Source Files</Filter>
    </ClInclude>
  </ItemGroup>
</Project>