<?xml version="1.0" encoding="UTF-8"?>
<Project ToolsVersion="14.0" xmlns="http://schemas.microsoft.com/developer/msbuild/2003">
  <ItemGroup>
    <CustomBuild Include="D:\Users\Mário Ricardo\Documents\LCC\2º Semestre\CompGráfica\Fichas\Ficha4\code(p04)\bin\CMakeFiles\d0594faf693ca927abb2f7e66c50cd25\generate.stamp.rule">
      <Filter>CMake Rules</Filter>
    </CustomBuild>
  </ItemGroup>
  <ItemGroup>
    <Filter Include="CMake Rules">
      <UniqueIdentifier>{99B24608-91B8-34B3-84FE-5C589F632789}</UniqueIdentifier>
    </Filter>
  </ItemGroup>
</Project>
